{
  "name": "text-utils",
  "lockfileVersion": 2,
  "requires": true,
  "packages": {
    "": {
      "dependencies": {
        "wordsninja": "^1.0.0"
      }
    },
    "node_modules/wordsninja": {
      "version": "1.0.0",
      "resolved": "https://registry.npmjs.org/wordsninja/-/wordsninja-1.0.0.tgz",
      "integrity": "sha512-f9aKDZ01xCjBEVxqQ4+fbSw+Jksi0OlvWV4QeqFzX78FjwREk/7ARgk0PuKlOkxGPg1ylkTYMTcKpReMVi2z4A=="
    }
  },
  "dependencies": {
    "wordsninja": {
      "version": "1.0.0",
      "resolved": "https://registry.npmjs.org/wordsninja/-/wordsninja-1.0.0.tgz",
      "integrity": "sha512-f9aKDZ01xCjBEVxqQ4+fbSw+Jksi0OlvWV4QeqFzX78FjwREk/7ARgk0PuKlOkxGPg1ylkTYMTcKpReMVi2z4A=="
    }
  }
}
