{
  "name": "text-utils",
  "lockfileVersion": 2,
  "requires": true,
  "packages": {
    "": {
      "dependencies": {
        "@geolonia/japanese-numeral": "^0.1.16"
      }
    },
    "node_modules/@geolonia/japanese-numeral": {
      "version": "0.1.16",
      "resolved": "https://registry.npmjs.org/@geolonia/japanese-numeral/-/japanese-numeral-0.1.16.tgz",
      "integrity": "sha512-xzSsIHhyyjqNpW8qSh5bFMu3FJvyJGBbNZ/t8clPHkigjUdZ7Ck8wkzCkcwlVd00RkoHwGDLnvXx5W0WiGK0TQ=="
    }
  },
  "dependencies": {
    "@geolonia/japanese-numeral": {
      "version": "0.1.16",
      "resolved": "https://registry.npmjs.org/@geolonia/japanese-numeral/-/japanese-numeral-0.1.16.tgz",
      "integrity": "sha512-xzSsIHhyyjqNpW8qSh5bFMu3FJvyJGBbNZ/t8clPHkigjUdZ7Ck8wkzCkcwlVd00RkoHwGDLnvXx5W0WiGK0TQ=="
    }
  }
}
